
Microsoft Visual Studio Solution File, Format Version 12.00
# Visual Studio Version 16
VisualStudioVersion = 16.0.30413.136
MinimumVisualStudioVersion = 10.0.40219.1
Project("{FAE04EC0-301F-11D3-BF4B-00C04F79EFBC}") = "HomeWork", "HomeWork\HomeWork.csproj", "{32DB6EA9-DEE2-422F-A120-4E324B3097EA}"
EndProject
Project("{FAE04EC0-301F-11D3-BF4B-00C04F79EFBC}") = "HomeWork.Lib", "HomeWork.Lib\HomeWork.Lib.csproj", "{28BC9048-C750-4A11-BAE9-C2D78C0A12E0}"
EndProject
Project("{FAE04EC0-301F-11D3-BF4B-00C04F79EFBC}") = "HomeWork.Test", "HomeWork.Test\HomeWork.Test.csproj", "{56A28485-6C48-410B-BA7E-FA1F71EF9FB7}"
EndProject
Global
	GlobalSection(SolutionConfigurationPlatforms) = preSolution
		Debug|Any CPU = Debug|Any CPU
		Release|Any CPU = Release|Any CPU
	EndGlobalSection
	GlobalSection(ProjectConfigurationPlatforms) = postSolution
		{32DB6EA9-DEE2-422F-A120-4E324B3097EA}.Debug|Any CPU.ActiveCfg = Debug|Any CPU
		{32DB6EA9-DEE2-422F-A120-4E324B3097EA}.Debug|Any CPU.Build.0 = Debug|Any CPU
		{32DB6EA9-DEE2-422F-A120-4E324B3097EA}.Release|Any CPU.ActiveCfg = Release|Any CPU
		{32DB6EA9-DEE2-422F-A120-4E324B3097EA}.Release|Any CPU.Build.0 = Release|Any CPU
		{28BC9048-C750-4A11-BAE9-C2D78C0A12E0}.Debug|Any CPU.ActiveCfg = Debug|Any CPU
		{28BC9048-C750-4A11-BAE9-C2D78C0A12E0}.Debug|Any CPU.Build.0 = Debug|Any CPU
		{28BC9048-C750-4A11-BAE9-C2D78C0A12E0}.Release|Any CPU.ActiveCfg = Release|Any CPU
		{28BC9048-C750-4A11-BAE9-C2D78C0A12E0}.Release|Any CPU.Build.0 = Release|Any CPU
		{56A28485-6C48-410B-BA7E-FA1F71EF9FB7}.Debug|Any CPU.ActiveCfg = Debug|Any CPU
		{56A28485-6C48-410B-BA7E-FA1F71EF9FB7}.Debug|Any CPU.Build.0 = Debug|Any CPU
		{56A28485-6C48-410B-BA7E-FA1F71EF9FB7}.Release|Any CPU.ActiveCfg = Release|Any CPU
		{56A28485-6C48-410B-BA7E-FA1F71EF9FB7}.Release|Any CPU.Build.0 = Release|Any CPU
	EndGlobalSection
	GlobalSection(SolutionProperties) = preSolution
		HideSolutionNode = FALSE
	EndGlobalSection
	GlobalSection(ExtensibilityGlobals) = postSolution
		SolutionGuid = {2789E966-3DE7-4609-8EF2-C92ACBE1847E}
	EndGlobalSection
EndGlobal
